// !$*UTF8*$!
{
	archiveVersion = 1;
	classes = {
	};
	objectVersion = 46;
	objects = {

/* Begin PBXBuildFile section */
		E21D3AE116F98452008D155E /* UIKit.framework in Frameworks */ = {isa = PBXBuildFile; fileRef = E21D3AE016F98452008D155E /* UIKit.framework */; };
		E21D3AE316F98452008D155E /* Foundation.framework in Frameworks */ = {isa = PBXBuildFile; fileRef = E21D3AE216F98452008D155E /* Foundation.framework */; };
		E21D3AE516F98452008D155E /* CoreGraphics.framework in Frameworks */ = {isa = PBXBuildFile; fileRef = E21D3AE416F98452008D155E /* CoreGraphics.framework */; };
		E21D3AEB16F98452008D155E /* InfoPlist.strings in Resources */ = {isa = PBXBuildFile; fileRef = E21D3AE916F98452008D155E /* InfoPlist.strings */; };
		E21D3AED16F98452008D155E /* main.m in Sources */ = {isa = PBXBuildFile; fileRef = E21D3AEC16F98452008D155E /* main.m */; };
		E21D3AF116F98452008D155E /* AppDelegate.m in Sources */ = {isa = PBXBuildFile; fileRef = E21D3AF016F98452008D155E /* AppDelegate.m */; };
		E21D3AF316F98452008D155E /* Default.png in Resources */ = {isa = PBXBuildFile; fileRef = E21D3AF216F98452008D155E /* Default.png */; };
		E21D3AF516F98452008D155E /* Default@2x.png in Resources */ = {isa = PBXBuildFile; fileRef = E21D3AF416F98452008D155E /* Default@2x.png */; };
		E21D3AF716F98452008D155E /* Default-568h@2x.png in Resources */ = {isa = PBXBuildFile; fileRef = E21D3AF616F98452008D155E /* Default-568h@2x.png */; };
		E21D3AFA16F98452008D155E /* MainStoryboard.storyboard in Resources */ = {isa = PBXBuildFile; fileRef = E21D3AF816F98452008D155E /* MainStoryboard.storyboard */; };
		E21D3AFD16F98452008D155E /* ViewController.m in Sources */ = {isa = PBXBuildFile; fileRef = E21D3AFC16F98452008D155E /* ViewController.m */; };
		E21D3B0516F98ED0008D155E /* AlarmGradientController.m in Sources */ = {isa = PBXBuildFile; fileRef = E21D3B0416F98ED0008D155E /* AlarmGradientController.m */; };
		E270BD2D170AD9290022A4A7 /* InitViewController.m in Sources */ = {isa = PBXBuildFile; fileRef = E270BD2C170AD9290022A4A7 /* InitViewController.m */; };
		E270BD30170AD9560022A4A7 /* MenuViewController.m in Sources */ = {isa = PBXBuildFile; fileRef = E270BD2F170AD9560022A4A7 /* MenuViewController.m */; };
		E2803C181709DB0D00DA098C /* Alerts.png in Resources */ = {isa = PBXBuildFile; fileRef = E2803C121709DB0D00DA098C /* Alerts.png */; };
		E2803C191709DB0D00DA098C /* Blank.png in Resources */ = {isa = PBXBuildFile; fileRef = E2803C131709DB0D00DA098C /* Blank.png */; };
		E2803C1A1709DB0D00DA098C /* Modes.png in Resources */ = {isa = PBXBuildFile; fileRef = E2803C141709DB0D00DA098C /* Modes.png */; };
		E2803C1B1709DB0D00DA098C /* Settings.png in Resources */ = {isa = PBXBuildFile; fileRef = E2803C151709DB0D00DA098C /* Settings.png */; };
		E2803C1C1709DB0D00DA098C /* Sound.png in Resources */ = {isa = PBXBuildFile; fileRef = E2803C161709DB0D00DA098C /* Sound.png */; };
		E2803C1D1709DB0D00DA098C /* Themes.png in Resources */ = {isa = PBXBuildFile; fileRef = E2803C171709DB0D00DA098C /* Themes.png */; };
		E2C0879F17084DEA007BBDF3 /* ColorCodes.plist in Resources */ = {isa = PBXBuildFile; fileRef = E2C0879E17084DEA007BBDF3 /* ColorCodes.plist */; };
		E2C087A217084E6A007BBDF3 /* ColorCodesDay.plist in Resources */ = {isa = PBXBuildFile; fileRef = E2C087A017084E6A007BBDF3 /* ColorCodesDay.plist */; };
		E2C087A317084E6A007BBDF3 /* ColorCodesYellow.plist in Resources */ = {isa = PBXBuildFile; fileRef = E2C087A117084E6A007BBDF3 /* ColorCodesYellow.plist */; };
		E2C087B317085A32007BBDF3 /* ECSlidingViewController.m in Sources */ = {isa = PBXBuildFile; fileRef = E2C087B017085A32007BBDF3 /* ECSlidingViewController.m */; };
		E2C087B417085A32007BBDF3 /* UIImage+ImageWithUIView.m in Sources */ = {isa = PBXBuildFile; fileRef = E2C087B217085A32007BBDF3 /* UIImage+ImageWithUIView.m */; };
		E2FE1C3C1711731F0090FC58 /* StateViewController.m in Sources */ = {isa = PBXBuildFile; fileRef = E2FE1C3B1711731F0090FC58 /* StateViewController.m */; };
/* End PBXBuildFile section */

/* Begin PBXFileReference section */
		E21D3ADD16F98452008D155E /* AlarmSB.app */ = {isa = PBXFileReference; explicitFileType = wrapper.application; includeInIndex = 0; path = AlarmSB.app; sourceTree = BUILT_PRODUCTS_DIR; };
		E21D3AE016F98452008D155E /* UIKit.framework */ = {isa = PBXFileReference; lastKnownFileType = wrapper.framework; name = UIKit.framework; path = System/Library/Frameworks/UIKit.framework; sourceTree = SDKROOT; };
		E21D3AE216F98452008D155E /* Foundation.framework */ = {isa = PBXFileReference; lastKnownFileType = wrapper.framework; name = Foundation.framework; path = System/Library/Frameworks/Foundation.framework; sourceTree = SDKROOT; };
		E21D3AE416F98452008D155E /* CoreGraphics.framework */ = {isa = PBXFileReference; lastKnownFileType = wrapper.framework; name = CoreGraphics.framework; path = System/Library/Frameworks/CoreGraphics.framework; sourceTree = SDKROOT; };
		E21D3AE816F98452008D155E /* AlarmSB-Info.plist */ = {isa = PBXFileReference; lastKnownFileType = text.plist.xml; path = "AlarmSB-Info.plist"; sourceTree = "<group>"; };
		E21D3AEA16F98452008D155E /* en */ = {isa = PBXFileReference; lastKnownFileType = text.plist.strings; name = en; path = en.lproj/InfoPlist.strings; sourceTree = "<group>"; };
		E21D3AEC16F98452008D155E /* main.m */ = {isa = PBXFileReference; lastKnownFileType = sourcecode.c.objc; path = main.m; sourceTree = "<group>"; };
		E21D3AEE16F98452008D155E /* AlarmSB-Prefix.pch */ = {isa = PBXFileReference; lastKnownFileType = sourcecode.c.h; path = "AlarmSB-Prefix.pch"; sourceTree = "<group>"; };
		E21D3AEF16F98452008D155E /* AppDelegate.h */ = {isa = PBXFileReference; lastKnownFileType = sourcecode.c.h; path = AppDelegate.h; sourceTree = "<group>"; };
		E21D3AF016F98452008D155E /* AppDelegate.m */ = {isa = PBXFileReference; lastKnownFileType = sourcecode.c.objc; path = AppDelegate.m; sourceTree = "<group>"; };
		E21D3AF216F98452008D155E /* Default.png */ = {isa = PBXFileReference; lastKnownFileType = image.png; path = Default.png; sourceTree = "<group>"; };
		E21D3AF416F98452008D155E /* Default@2x.png */ = {isa = PBXFileReference; lastKnownFileType = image.png; path = "Default@2x.png"; sourceTree = "<group>"; };
		E21D3AF616F98452008D155E /* Default-568h@2x.png */ = {isa = PBXFileReference; lastKnownFileType = image.png; path = "Default-568h@2x.png"; sourceTree = "<group>"; };
		E21D3AF916F98452008D155E /* en */ = {isa = PBXFileReference; lastKnownFileType = file.storyboard; name = en; path = en.lproj/MainStoryboard.storyboard; sourceTree = "<group>"; };
		E21D3AFB16F98452008D155E /* ViewController.h */ = {isa = PBXFileReference; lastKnownFileType = sourcecode.c.h; path = ViewController.h; sourceTree = "<group>"; };
		E21D3AFC16F98452008D155E /* ViewController.m */ = {isa = PBXFileReference; lastKnownFileType = sourcecode.c.objc; path = ViewController.m; sourceTree = "<group>"; };
		E21D3B0316F98ED0008D155E /* AlarmGradientController.h */ = {isa = PBXFileReference; fileEncoding = 4; lastKnownFileType = sourcecode.c.h; path = AlarmGradientController.h; sourceTree = "<group>"; };
		E21D3B0416F98ED0008D155E /* AlarmGradientController.m */ = {isa = PBXFileReference; fileEncoding = 4; lastKnownFileType = sourcecode.c.objc; path = AlarmGradientController.m; sourceTree = "<group>"; };
		E270BD2B170AD9290022A4A7 /* InitViewController.h */ = {isa = PBXFileReference; fileEncoding = 4; lastKnownFileType = sourcecode.c.h; path = InitViewController.h; sourceTree = "<group>"; };
		E270BD2C170AD9290022A4A7 /* InitViewController.m */ = {isa = PBXFileReference; fileEncoding = 4; lastKnownFileType = sourcecode.c.objc; path = InitViewController.m; sourceTree = "<group>"; };
		E270BD2E170AD9560022A4A7 /* MenuViewController.h */ = {isa = PBXFileReference; fileEncoding = 4; lastKnownFileType = sourcecode.c.h; path = MenuViewController.h; sourceTree = "<group>"; };
		E270BD2F170AD9560022A4A7 /* MenuViewController.m */ = {isa = PBXFileReference; fileEncoding = 4; lastKnownFileType = sourcecode.c.objc; path = MenuViewController.m; sourceTree = "<group>"; };
		E2803C121709DB0D00DA098C /* Alerts.png */ = {isa = PBXFileReference; lastKnownFileType = image.png; path = Alerts.png; sourceTree = "<group>"; };
		E2803C131709DB0D00DA098C /* Blank.png */ = {isa = PBXFileReference; lastKnownFileType = image.png; path = Blank.png; sourceTree = "<group>"; };
		E2803C141709DB0D00DA098C /* Modes.png */ = {isa = PBXFileReference; lastKnownFileType = image.png; path = Modes.png; sourceTree = "<group>"; };
		E2803C151709DB0D00DA098C /* Settings.png */ = {isa = PBXFileReference; lastKnownFileType = image.png; path = Settings.png; sourceTree = "<group>"; };
		E2803C161709DB0D00DA098C /* Sound.png */ = {isa = PBXFileReference; lastKnownFileType = image.png; path = Sound.png; sourceTree = "<group>"; };
		E2803C171709DB0D00DA098C /* Themes.png */ = {isa = PBXFileReference; lastKnownFileType = image.png; path = Themes.png; sourceTree = "<group>"; };
		E2C0879E17084DEA007BBDF3 /* ColorCodes.plist */ = {isa = PBXFileReference; fileEncoding = 4; lastKnownFileType = text.plist.xml; name = ColorCodes.plist; path = ../../../Alarm/ColorCodes.plist; sourceTree = "<group>"; };
		E2C087A017084E6A007BBDF3 /* ColorCodesDay.plist */ = {isa = PBXFileReference; fileEncoding = 4; lastKnownFileType = text.plist.xml; name = ColorCodesDay.plist; path = ../../../Alarm/ColorCodesDay.plist; sourceTree = "<group>"; };
		E2C087A117084E6A007BBDF3 /* ColorCodesYellow.plist */ = {isa = PBXFileReference; fileEncoding = 4; lastKnownFileType = text.plist.xml; name = ColorCodesYellow.plist; path = ../../../Alarm/ColorCodesYellow.plist; sourceTree = "<group>"; };
		E2C087AF17085A32007BBDF3 /* ECSlidingViewController.h */ = {isa = PBXFileReference; fileEncoding = 4; lastKnownFileType = sourcecode.c.h; path = ECSlidingViewController.h; sourceTree = "<group>"; };
		E2C087B017085A32007BBDF3 /* ECSlidingViewController.m */ = {isa = PBXFileReference; fileEncoding = 4; lastKnownFileType = sourcecode.c.objc; path = ECSlidingViewController.m; sourceTree = "<group>"; };
		E2C087B117085A32007BBDF3 /* UIImage+ImageWithUIView.h */ = {isa = PBXFileReference; fileEncoding = 4; lastKnownFileType = sourcecode.c.h; path = "UIImage+ImageWithUIView.h"; sourceTree = "<group>"; };
		E2C087B217085A32007BBDF3 /* UIImage+ImageWithUIView.m */ = {isa = PBXFileReference; fileEncoding = 4; lastKnownFileType = sourcecode.c.objc; path = "UIImage+ImageWithUIView.m"; sourceTree = "<group>"; };
		E2FE1C3A1711731F0090FC58 /* StateViewController.h */ = {isa = PBXFileReference; fileEncoding = 4; lastKnownFileType = sourcecode.c.h; path = StateViewController.h; sourceTree = "<group>"; };
		E2FE1C3B1711731F0090FC58 /* StateViewController.m */ = {isa = PBXFileReference; fileEncoding = 4; lastKnownFileType = sourcecode.c.objc; path = StateViewController.m; sourceTree = "<group>"; };
/* End PBXFileReference section */

/* Begin PBXFrameworksBuildPhase section */
		E21D3ADA16F98452008D155E /* Frameworks */ = {
			isa = PBXFrameworksBuildPhase;
			buildActionMask = 2147483647;
			files = (
				E21D3AE116F98452008D155E /* UIKit.framework in Frameworks */,
				E21D3AE316F98452008D155E /* Foundation.framework in Frameworks */,
				E21D3AE516F98452008D155E /* CoreGraphics.framework in Frameworks */,
			);
			runOnlyForDeploymentPostprocessing = 0;
		};
/* End PBXFrameworksBuildPhase section */

/* Begin PBXGroup section */
		E21D3AD416F98452008D155E = {
			isa = PBXGroup;
			children = (
				E21D3AE616F98452008D155E /* AlarmSB */,
				E21D3ADF16F98452008D155E /* Frameworks */,
				E21D3ADE16F98452008D155E /* Products */,
			);
			sourceTree = "<group>";
		};
		E21D3ADE16F98452008D155E /* Products */ = {
			isa = PBXGroup;
			children = (
				E21D3ADD16F98452008D155E /* AlarmSB.app */,
			);
			name = Products;
			sourceTree = "<group>";
		};
		E21D3ADF16F98452008D155E /* Frameworks */ = {
			isa = PBXGroup;
			children = (
				E21D3AE016F98452008D155E /* UIKit.framework */,
				E21D3AE216F98452008D155E /* Foundation.framework */,
				E21D3AE416F98452008D155E /* CoreGraphics.framework */,
			);
			name = Frameworks;
			sourceTree = "<group>";
		};
		E21D3AE616F98452008D155E /* AlarmSB */ = {
			isa = PBXGroup;
			children = (
				E2803C111709DB0D00DA098C /* Settings */,
				E2C087AE17085A32007BBDF3 /* ECSlidingViewController */,
				E21D3AEF16F98452008D155E /* AppDelegate.h */,
				E21D3AF016F98452008D155E /* AppDelegate.m */,
				E21D3AF816F98452008D155E /* MainStoryboard.storyboard */,
				E2FE1C3A1711731F0090FC58 /* StateViewController.h */,
				E2FE1C3B1711731F0090FC58 /* StateViewController.m */,
				E270BD2B170AD9290022A4A7 /* InitViewController.h */,
				E270BD2C170AD9290022A4A7 /* InitViewController.m */,
				E270BD2E170AD9560022A4A7 /* MenuViewController.h */,
				E270BD2F170AD9560022A4A7 /* MenuViewController.m */,
				E21D3AFB16F98452008D155E /* ViewController.h */,
				E21D3AFC16F98452008D155E /* ViewController.m */,
				E21D3B0316F98ED0008D155E /* AlarmGradientController.h */,
				E21D3B0416F98ED0008D155E /* AlarmGradientController.m */,
				E21D3AE716F98452008D155E /* Supporting Files */,
			);
			path = AlarmSB;
			sourceTree = "<group>";
		};
		E21D3AE716F98452008D155E /* Supporting Files */ = {
			isa = PBXGroup;
			children = (
				E2C087A017084E6A007BBDF3 /* ColorCodesDay.plist */,
				E2C087A117084E6A007BBDF3 /* ColorCodesYellow.plist */,
				E2C0879E17084DEA007BBDF3 /* ColorCodes.plist */,
				E21D3AE816F98452008D155E /* AlarmSB-Info.plist */,
				E21D3AE916F98452008D155E /* InfoPlist.strings */,
				E21D3AEC16F98452008D155E /* main.m */,
				E21D3AEE16F98452008D155E /* AlarmSB-Prefix.pch */,
				E21D3AF216F98452008D155E /* Default.png */,
				E21D3AF416F98452008D155E /* Default@2x.png */,
				E21D3AF616F98452008D155E /* Default-568h@2x.png */,
			);
			name = "Supporting Files";
			sourceTree = "<group>";
		};
		E2803C111709DB0D00DA098C /* Settings */ = {
			isa = PBXGroup;
			children = (
				E2803C121709DB0D00DA098C /* Alerts.png */,
				E2803C131709DB0D00DA098C /* Blank.png */,
				E2803C141709DB0D00DA098C /* Modes.png */,
				E2803C151709DB0D00DA098C /* Settings.png */,
				E2803C161709DB0D00DA098C /* Sound.png */,
				E2803C171709DB0D00DA098C /* Themes.png */,
			);
			path = Settings;
			sourceTree = "<group>";
		};
		E2C087AE17085A32007BBDF3 /* ECSlidingViewController */ = {
			isa = PBXGroup;
			children = (
				E2C087AF17085A32007BBDF3 /* ECSlidingViewController.h */,
				E2C087B017085A32007BBDF3 /* ECSlidingViewController.m */,
				E2C087B117085A32007BBDF3 /* UIImage+ImageWithUIView.h */,
				E2C087B217085A32007BBDF3 /* UIImage+ImageWithUIView.m */,
			);
			path = ECSlidingViewController;
			sourceTree = "<group>";
		};
/* End PBXGroup section */

/* Begin PBXNativeTarget section */
		E21D3ADC16F98452008D155E /* AlarmSB */ = {
			isa = PBXNativeTarget;
			buildConfigurationList = E21D3B0016F98452008D155E /* Build configuration list for PBXNativeTarget "AlarmSB" */;
			buildPhases = (
				E21D3AD916F98452008D155E /* Sources */,
				E21D3ADA16F98452008D155E /* Frameworks */,
				E21D3ADB16F98452008D155E /* Resources */,
			);
			buildRules = (
			);
			dependencies = (
			);
			name = AlarmSB;
			productName = AlarmSB;
			productReference = E21D3ADD16F98452008D155E /* AlarmSB.app */;
			productType = "com.apple.product-type.application";
		};
/* End PBXNativeTarget section */

/* Begin PBXProject section */
		E21D3AD516F98452008D155E /* Project object */ = {
			isa = PBXProject;
			attributes = {
				LastUpgradeCheck = 0460;
				ORGANIZATIONNAME = "Vivek Srinivasan";
			};
			buildConfigurationList = E21D3AD816F98452008D155E /* Build configuration list for PBXProject "AlarmSB" */;
			compatibilityVersion = "Xcode 3.2";
			developmentRegion = English;
			hasScannedForEncodings = 0;
			knownRegions = (
				en,
			);
			mainGroup = E21D3AD416F98452008D155E;
			productRefGroup = E21D3ADE16F98452008D155E /* Products */;
			projectDirPath = "";
			projectRoot = "";
			targets = (
				E21D3ADC16F98452008D155E /* AlarmSB */,
			);
		};
/* End PBXProject section */

/* Begin PBXResourcesBuildPhase section */
		E21D3ADB16F98452008D155E /* Resources */ = {
			isa = PBXResourcesBuildPhase;
			buildActionMask = 2147483647;
			files = (
				E21D3AEB16F98452008D155E /* InfoPlist.strings in Resources */,
				E21D3AF316F98452008D155E /* Default.png in Resources */,
				E21D3AF516F98452008D155E /* Default@2x.png in Resources */,
				E21D3AF716F98452008D155E /* Default-568h@2x.png in Resources */,
				E21D3AFA16F98452008D155E /* MainStoryboard.storyboard in Resources */,
				E2C0879F17084DEA007BBDF3 /* ColorCodes.plist in Resources */,
				E2C087A217084E6A007BBDF3 /* ColorCodesDay.plist in Resources */,
				E2C087A317084E6A007BBDF3 /* ColorCodesYellow.plist in Resources */,
				E2803C181709DB0D00DA098C /* Alerts.png in Resources */,
				E2803C191709DB0D00DA098C /* Blank.png in Resources */,
				E2803C1A1709DB0D00DA098C /* Modes.png in Resources */,
				E2803C1B1709DB0D00DA098C /* Settings.png in Resources */,
				E2803C1C1709DB0D00DA098C /* Sound.png in Resources */,
				E2803C1D1709DB0D00DA098C /* Themes.png in Resources */,
			);
			runOnlyForDeploymentPostprocessing = 0;
		};
/* End PBXResourcesBuildPhase section */

/* Begin PBXSourcesBuildPhase section */
		E21D3AD916F98452008D155E /* Sources */ = {
			isa = PBXSourcesBuildPhase;
			buildActionMask = 2147483647;
			files = (
				E21D3AED16F98452008D155E /* main.m in Sources */,
				E21D3AF116F98452008D155E /* AppDelegate.m in Sources */,
				E21D3AFD16F98452008D155E /* ViewController.m in Sources */,
				E21D3B0516F98ED0008D155E /* AlarmGradientController.m in Sources */,
				E2C087B317085A32007BBDF3 /* ECSlidingViewController.m in Sources */,
				E2C087B417085A32007BBDF3 /* UIImage+ImageWithUIView.m in Sources */,
				E270BD2D170AD9290022A4A7 /* InitViewController.m in Sources */,
				E270BD30170AD9560022A4A7 /* MenuViewController.m in Sources */,
				E2FE1C3C1711731F0090FC58 /* StateViewController.m in Sources */,
			);
			runOnlyForDeploymentPostprocessing = 0;
		};
/* End PBXSourcesBuildPhase section */

/* Begin PBXVariantGroup section */
		E21D3AE916F98452008D155E /* InfoPlist.strings */ = {
			isa = PBXVariantGroup;
			children = (
				E21D3AEA16F98452008D155E /* en */,
			);
			name = InfoPlist.strings;
			sourceTree = "<group>";
		};
		E21D3AF816F98452008D155E /* MainStoryboard.storyboard */ = {
			isa = PBXVariantGroup;
			children = (
				E21D3AF916F98452008D155E /* en */,
			);
			name = MainStoryboard.storyboard;
			sourceTree = "<group>";
		};
/* End PBXVariantGroup section */

/* Begin XCBuildConfiguration section */
		E21D3AFE16F98452008D155E /* Debug */ = {
			isa = XCBuildConfiguration;
			buildSettings = {
				ALWAYS_SEARCH_USER_PATHS = NO;
				CLANG_CXX_LANGUAGE_STANDARD = "gnu++0x";
				CLANG_CXX_LIBRARY = "libc++";
				CLANG_ENABLE_OBJC_ARC = YES;
				CLANG_WARN_CONSTANT_CONVERSION = YES;
				CLANG_WARN_EMPTY_BODY = YES;
				CLANG_WARN_ENUM_CONVERSION = YES;
				CLANG_WARN_INT_CONVERSION = YES;
				CLANG_WARN__DUPLICATE_METHOD_MATCH = YES;
				"CODE_SIGN_IDENTITY[sdk=iphoneos*]" = "iPhone Developer";
				COPY_PHASE_STRIP = NO;
				GCC_C_LANGUAGE_STANDARD = gnu99;
				GCC_DYNAMIC_NO_PIC = NO;
				GCC_OPTIMIZATION_LEVEL = 0;
				GCC_PREPROCESSOR_DEFINITIONS = (
					"DEBUG=1",
					"$(inherited)",
				);
				GCC_SYMBOLS_PRIVATE_EXTERN = NO;
				GCC_WARN_ABOUT_RETURN_TYPE = YES;
				GCC_WARN_UNINITIALIZED_AUTOS = YES;
				GCC_WARN_UNUSED_VARIABLE = YES;
				IPHONEOS_DEPLOYMENT_TARGET = 6.1;
				ONLY_ACTIVE_ARCH = YES;
				SDKROOT = iphoneos;
			};
			name = Debug;
		};
		E21D3AFF16F98452008D155E /* Release */ = {
			isa = XCBuildConfiguration;
			buildSettings = {
				ALWAYS_SEARCH_USER_PATHS = NO;
				CLANG_CXX_LANGUAGE_STANDARD = "gnu++0x";
				CLANG_CXX_LIBRARY = "libc++";
				CLANG_ENABLE_OBJC_ARC = YES;
				CLANG_WARN_CONSTANT_CONVERSION = YES;
				CLANG_WARN_EMPTY_BODY = YES;
				CLANG_WARN_ENUM_CONVERSION = YES;
				CLANG_WARN_INT_CONVERSION = YES;
				CLANG_WARN__DUPLICATE_METHOD_MATCH = YES;
				"CODE_SIGN_IDENTITY[sdk=iphoneos*]" = "iPhone Developer";
				COPY_PHASE_STRIP = YES;
				GCC_C_LANGUAGE_STANDARD = gnu99;
				GCC_WARN_ABOUT_RETURN_TYPE = YES;
				GCC_WARN_UNINITIALIZED_AUTOS = YES;
				GCC_WARN_UNUSED_VARIABLE = YES;
				IPHONEOS_DEPLOYMENT_TARGET = 6.1;
				OTHER_CFLAGS = "-DNS_BLOCK_ASSERTIONS=1";
				SDKROOT = iphoneos;
				VALIDATE_PRODUCT = YES;
			};
			name = Release;
		};
		E21D3B0116F98452008D155E /* Debug */ = {
			isa = XCBuildConfiguration;
			buildSettings = {
				GCC_PRECOMPILE_PREFIX_HEADER = YES;
				GCC_PREFIX_HEADER = "AlarmSB/AlarmSB-Prefix.pch";
				INFOPLIST_FILE = "AlarmSB/AlarmSB-Info.plist";
				PRODUCT_NAME = "$(TARGET_NAME)";
				WRAPPER_EXTENSION = app;
			};
			name = Debug;
		};
		E21D3B0216F98452008D155E /* Release */ = {
			isa = XCBuildConfiguration;
			buildSettings = {
				GCC_PRECOMPILE_PREFIX_HEADER = YES;
				GCC_PREFIX_HEADER = "AlarmSB/AlarmSB-Prefix.pch";
				INFOPLIST_FILE = "AlarmSB/AlarmSB-Info.plist";
				PRODUCT_NAME = "$(TARGET_NAME)";
				WRAPPER_EXTENSION = app;
			};
			name = Release;
		};
/* End XCBuildConfiguration section */

/* Begin XCConfigurationList section */
		E21D3AD816F98452008D155E /* Build configuration list for PBXProject "AlarmSB" */ = {
			isa = XCConfigurationList;
			buildConfigurations = (
				E21D3AFE16F98452008D155E /* Debug */,
				E21D3AFF16F98452008D155E /* Release */,
			);
			defaultConfigurationIsVisible = 0;
			defaultConfigurationName = Release;
		};
		E21D3B0016F98452008D155E /* Build configuration list for PBXNativeTarget "AlarmSB" */ = {
			isa = XCConfigurationList;
			buildConfigurations = (
				E21D3B0116F98452008D155E /* Debug */,
				E21D3B0216F98452008D155E /* Release */,
			);
			defaultConfigurationIsVisible = 0;
			defaultConfigurationName = Release;
		};
/* End XCConfigurationList section */
	};
	rootObject = E21D3AD516F98452008D155E /* Project object */;
}
